
Microsoft Visual Studio Solution File, Format Version 12.00
# Visual Studio Version 16
VisualStudioVersion = 16.0.29613.14
MinimumVisualStudioVersion = 10.0.40219.1
Project("{FAE04EC0-301F-11D3-BF4B-00C04F79EFBC}") = "Gradient Maker", "Gradient Maker\Gradient Maker.csproj", "{77801F25-2D31-4386-B2B3-B8BF2FEAFAF3}"
EndProject
Global
	GlobalSection(SolutionConfigurationPlatforms) = preSolution
		Debug|Any CPU = Debug|Any CPU
		Release|Any CPU = Release|Any CPU
	EndGlobalSection
	GlobalSection(ProjectConfigurationPlatforms) = postSolution
		{77801F25-2D31-4386-B2B3-B8BF2FEAFAF3}.Debug|Any CPU.ActiveCfg = Debug|Any CPU
		{77801F25-2D31-4386-B2B3-B8BF2FEAFAF3}.Debug|Any CPU.Build.0 = Debug|Any CPU
		{77801F25-2D31-4386-B2B3-B8BF2FEAFAF3}.Release|Any CPU.ActiveCfg = Release|Any CPU
		{77801F25-2D31-4386-B2B3-B8BF2FEAFAF3}.Release|Any CPU.Build.0 = Release|Any CPU
	EndGlobalSection
	GlobalSection(SolutionProperties) = preSolution
		HideSolutionNode = FALSE
	EndGlobalSection
	GlobalSection(ExtensibilityGlobals) = postSolution
		SolutionGuid = {CA3EFD6F-D92F-4FF1-8901-B9FC58D1E9D4}
	EndGlobalSection
EndGlobal
