
Microsoft Visual Studio Solution File, Format Version 12.00
# Visual Studio Version 16
VisualStudioVersion = 16.0.29613.14
MinimumVisualStudioVersion = 10.0.40219.1
Project("{FAE04EC0-301F-11D3-BF4B-00C04F79EFBC}") = "Gradient Generator", "Gradient Generator\Gradient Generator.csproj", "{77801F25-2D31-4386-B2B3-B8BF2FEAFAF3}"
EndProject
Global
	GlobalSection(SolutionConfigurationPlatforms) = preSolution
		Debug|x64 = Debug|x64
		Release|x64 = Release|x64
	EndGlobalSection
	GlobalSection(ProjectConfigurationPlatforms) = postSolution
		{77801F25-2D31-4386-B2B3-B8BF2FEAFAF3}.Debug|x64.ActiveCfg = Debug|x64
		{77801F25-2D31-4386-B2B3-B8BF2FEAFAF3}.Debug|x64.Build.0 = Debug|x64
		{77801F25-2D31-4386-B2B3-B8BF2FEAFAF3}.Release|x64.ActiveCfg = Release|x64
		{77801F25-2D31-4386-B2B3-B8BF2FEAFAF3}.Release|x64.Build.0 = Release|x64
	EndGlobalSection
	GlobalSection(SolutionProperties) = preSolution
		HideSolutionNode = FALSE
	EndGlobalSection
	GlobalSection(ExtensibilityGlobals) = postSolution
		SolutionGuid = {CA3EFD6F-D92F-4FF1-8901-B9FC58D1E9D4}
	EndGlobalSection
EndGlobal
